
Microsoft Visual Studio Solution File, Format Version 12.00
# Visual Studio Version 17
VisualStudioVersion = 17.0.31919.166
MinimumVisualStudioVersion = 10.0.40219.1
Project("{FAE04EC0-301F-11D3-BF4B-00C04F79EFBC}") = "ApoBank", "ApoBank\ApoBank.csproj", "{45EFF993-4CF2-46E1-A3AC-4032D5073FCB}"
EndProject
Global
	GlobalSection(SolutionConfigurationPlatforms) = preSolution
		Debug|Any CPU = Debug|Any CPU
		Release|Any CPU = Release|Any CPU
	EndGlobalSection
	GlobalSection(ProjectConfigurationPlatforms) = postSolution
		{45EFF993-4CF2-46E1-A3AC-4032D5073FCB}.Debug|Any CPU.ActiveCfg = Debug|Any CPU
		{45EFF993-4CF2-46E1-A3AC-4032D5073FCB}.Debug|Any CPU.Build.0 = Debug|Any CPU
		{45EFF993-4CF2-46E1-A3AC-4032D5073FCB}.Release|Any CPU.ActiveCfg = Release|Any CPU
		{45EFF993-4CF2-46E1-A3AC-4032D5073FCB}.Release|Any CPU.Build.0 = Release|Any CPU
	EndGlobalSection
	GlobalSection(SolutionProperties) = preSolution
		HideSolutionNode = FALSE
	EndGlobalSection
	GlobalSection(ExtensibilityGlobals) = postSolution
		SolutionGuid = {BEDAA483-4E52-4192-A58E-09A0780A87E4}
	EndGlobalSection
EndGlobal
